<?xml version="1.0"?>
<CONFIG>
  <ProjectOptions>
    <Version Value="9"/>
    <General>
      <Flags>
        <MainUnitHasCreateFormStatements Value="False"/>
        <MainUnitHasTitleStatement Value="False"/>
      </Flags>
      <MainUnit Value="0"/>
      <ResourceType Value="res"/>
      <ActiveWindowIndexAtStart Value="0"/>
    </General>
    <i18n>
      <EnableI18N LFM="False"/>
    </i18n>
    <VersionInfo>
      <StringTable ProductVersion=""/>
    </VersionInfo>
    <BuildModes Count="1" Active="Default">
      <Item1 Name="Default" Default="True"/>
    </BuildModes>
    <PublishOptions>
      <Version Value="2"/>
      <IncludeFileFilter Value="*.(pas|pp|inc|lfm|lpr|lrs|lpi|lpk|sh|xml)"/>
      <ExcludeFileFilter Value="*.(bak|ppu|o|so);*~;backup"/>
    </PublishOptions>
    <RunParams>
      <local>
        <FormatVersion Value="1"/>
      </local>
    </RunParams>
    <Units Count="15">
      <Unit0>
        <Filename Value="nonpaging.lpr"/>
        <IsPartOfProject Value="True"/>
        <UnitName Value="nonpaging"/>
        <IsVisibleTab Value="True"/>
        <EditorIndex Value="0"/>
        <WindowIndex Value="0"/>
        <TopLine Value="1"/>
        <CursorPos X="19" Y="30"/>
        <UsageCount Value="20"/>
        <Loaded Value="True"/>
      </Unit0>
      <Unit1>
        <Filename Value="/usr/share/fpcsrc/2.6.0/rtl/linux/linux.pp"/>
        <UnitName Value="Linux"/>
        <WindowIndex Value="0"/>
        <TopLine Value="396"/>
        <CursorPos X="24" Y="416"/>
        <UsageCount Value="10"/>
      </Unit1>
      <Unit2>
        <Filename Value="/usr/share/fpcsrc/2.6.0/rtl/linux/arm/sysnr.inc"/>
        <WindowIndex Value="0"/>
        <TopLine Value="172"/>
        <CursorPos X="22" Y="201"/>
        <UsageCount Value="10"/>
      </Unit2>
      <Unit3>
        <Filename Value="/usr/share/fpcsrc/2.6.0/rtl/unix/cthreads.pp"/>
        <UnitName Value="cthreads"/>
        <WindowIndex Value="0"/>
        <TopLine Value="41"/>
        <CursorPos X="1" Y="1"/>
        <UsageCount Value="10"/>
      </Unit3>
      <Unit4>
        <Filename Value="/usr/share/fpcsrc/2.6.0/rtl/unix/initc.pp"/>
        <UnitName Value="initc"/>
        <WindowIndex Value="0"/>
        <TopLine Value="30"/>
        <CursorPos X="1" Y="1"/>
        <UsageCount Value="10"/>
      </Unit4>
      <Unit5>
        <Filename Value="/usr/share/fpcsrc/2.6.0/rtl/linux/pthread.inc"/>
        <WindowIndex Value="0"/>
        <TopLine Value="1"/>
        <CursorPos X="42" Y="18"/>
        <UsageCount Value="10"/>
      </Unit5>
      <Unit6>
        <Filename Value="/usr/share/fpcsrc/2.6.0/rtl/linux/ptypes.inc"/>
        <WindowIndex Value="0"/>
        <TopLine Value="163"/>
        <CursorPos X="3" Y="189"/>
        <UsageCount Value="10"/>
      </Unit6>
      <Unit7>
        <Filename Value="/usr/share/fpcsrc/2.6.0/rtl/unix/unixtype.pp"/>
        <UnitName Value="unixtype"/>
        <WindowIndex Value="0"/>
        <TopLine Value="1"/>
        <CursorPos X="15" Y="21"/>
        <UsageCount Value="10"/>
      </Unit7>
      <Unit8>
        <Filename Value="/usr/share/fpcsrc/2.6.0/rtl/inc/systemh.inc"/>
        <WindowIndex Value="0"/>
        <TopLine Value="465"/>
        <CursorPos X="42" Y="472"/>
        <UsageCount Value="10"/>
      </Unit8>
      <Unit9>
        <Filename Value="/usr/share/fpcsrc/2.6.0/rtl/inc/threadh.inc"/>
        <WindowIndex Value="0"/>
        <TopLine Value="48"/>
        <CursorPos X="5" Y="64"/>
        <UsageCount Value="10"/>
      </Unit9>
      <Unit10>
        <Filename Value="/usr/share/fpcsrc/2.6.0/rtl/linux/sysosh.inc"/>
        <WindowIndex Value="0"/>
        <TopLine Value="6"/>
        <CursorPos X="12" Y="24"/>
        <UsageCount Value="10"/>
      </Unit10>
      <Unit11>
        <Filename Value="/usr/share/fpcsrc/2.6.0/rtl/unix/baseunix.pp"/>
        <UnitName Value="BaseUnix"/>
        <WindowIndex Value="0"/>
        <TopLine Value="61"/>
        <CursorPos X="11" Y="86"/>
        <UsageCount Value="10"/>
      </Unit11>
      <Unit12>
        <Filename Value="/usr/share/fpcsrc/2.6.0/rtl/linux/arm/bsyscall.inc"/>
        <WindowIndex Value="0"/>
        <TopLine Value="1"/>
        <CursorPos X="1" Y="1"/>
        <UsageCount Value="10"/>
      </Unit12>
      <Unit13>
        <Filename Value="/usr/share/fpcsrc/2.6.0/rtl/linux/arm/syscallh.inc"/>
        <WindowIndex Value="0"/>
        <TopLine Value="10"/>
        <CursorPos X="10" Y="39"/>
        <UsageCount Value="10"/>
      </Unit13>
      <Unit14>
        <Filename Value="/usr/share/fpcsrc/2.6.0/rtl/linux/bunxsysc.inc"/>
        <WindowIndex Value="0"/>
        <TopLine Value="51"/>
        <CursorPos X="25" Y="58"/>
        <UsageCount Value="10"/>
      </Unit14>
    </Units>
    <JumpHistory Count="0" HistoryIndex="-1"/>
  </ProjectOptions>
  <CompilerOptions>
    <Version Value="11"/>
    <Target>
      <Filename Value="nonpaging"/>
    </Target>
    <SearchPaths>
      <IncludeFiles Value="$(ProjOutDir)"/>
      <UnitOutputDirectory Value="lib/$(TargetCPU)-$(TargetOS)"/>
    </SearchPaths>
    <Other>
      <CompilerPath Value="$(CompPath)"/>
    </Other>
  </CompilerOptions>
  <Debugging>
    <Exceptions Count="3">
      <Item1>
        <Name Value="EAbort"/>
      </Item1>
      <Item2>
        <Name Value="ECodetoolError"/>
      </Item2>
      <Item3>
        <Name Value="EFOpenError"/>
      </Item3>
    </Exceptions>
  </Debugging>
  <EditorMacros Count="0"/>
</CONFIG>
