<?xml version="1.0" encoding="UTF-8"?>
<CONFIG>
  <ProjectOptions>
    <Version Value="9"/>
    <General>
      <Flags>
        <MainUnitHasCreateFormStatements Value="False"/>
        <MainUnitHasTitleStatement Value="False"/>
      </Flags>
      <MainUnit Value="0"/>
      <ResourceType Value="res"/>
      <ActiveWindowIndexAtStart Value="0"/>
    </General>
    <i18n>
      <EnableI18N LFM="False"/>
    </i18n>
    <VersionInfo>
      <StringTable ProductVersion=""/>
    </VersionInfo>
    <BuildModes Count="1" Active="Default">
      <Item1 Name="Default" Default="True"/>
    </BuildModes>
    <PublishOptions>
      <Version Value="2"/>
      <IncludeFileFilter Value="*.(pas|pp|inc|lfm|lpr|lrs|lpi|lpk|sh|xml)"/>
      <ExcludeFileFilter Value="*.(bak|ppu|o|so);*~;backup"/>
    </PublishOptions>
    <RunParams>
      <local>
        <FormatVersion Value="1"/>
      </local>
    </RunParams>
    <RequiredPackages Count="1">
      <Item1>
        <PackageName Value="rpiio"/>
      </Item1>
    </RequiredPackages>
    <Units Count="13">
      <Unit0>
        <Filename Value="project1.lpr"/>
        <IsPartOfProject Value="True"/>
        <UnitName Value="project1"/>
        <EditorIndex Value="0"/>
        <WindowIndex Value="0"/>
        <TopLine Value="45"/>
        <CursorPos X="21" Y="65"/>
        <UsageCount Value="67"/>
        <Loaded Value="True"/>
      </Unit0>
      <Unit1>
        <Filename Value="../../src/gpioexp.pas"/>
        <UnitName Value="gpioexp"/>
        <EditorIndex Value="6"/>
        <WindowIndex Value="0"/>
        <TopLine Value="488"/>
        <CursorPos X="3" Y="511"/>
        <UsageCount Value="33"/>
        <Loaded Value="True"/>
      </Unit1>
      <Unit2>
        <Filename Value="../../src/fpgpio.pas"/>
        <UnitName Value="fpgpio"/>
        <IsVisibleTab Value="True"/>
        <EditorIndex Value="5"/>
        <WindowIndex Value="0"/>
        <TopLine Value="132"/>
        <CursorPos X="21" Y="137"/>
        <UsageCount Value="33"/>
        <Loaded Value="True"/>
      </Unit2>
      <Unit3>
        <Filename Value="../../src/mcp23017.pas"/>
        <UnitName Value="mcp23017"/>
        <EditorIndex Value="7"/>
        <WindowIndex Value="0"/>
        <TopLine Value="2"/>
        <CursorPos X="35" Y="20"/>
        <UsageCount Value="33"/>
        <Bookmarks Count="1">
          <Item0 X="8" Y="254" ID="1"/>
        </Bookmarks>
        <Loaded Value="True"/>
      </Unit3>
      <Unit4>
        <Filename Value="../../src/fpi2c.pas"/>
        <UnitName Value="fpi2c"/>
        <EditorIndex Value="1"/>
        <WindowIndex Value="0"/>
        <TopLine Value="1"/>
        <CursorPos X="5" Y="258"/>
        <UsageCount Value="33"/>
        <Loaded Value="True"/>
      </Unit4>
      <Unit5>
        <Filename Value="../../src/i2c_dev.pas"/>
        <UnitName Value="i2c_dev"/>
        <WindowIndex Value="0"/>
        <TopLine Value="321"/>
        <CursorPos X="17" Y="338"/>
        <UsageCount Value="7"/>
      </Unit5>
      <Unit6>
        <Filename Value="../../../../../../FPC/2.6.0/source/rtl/unix/baseunix.pp"/>
        <UnitName Value="BaseUnix"/>
        <WindowIndex Value="0"/>
        <TopLine Value="57"/>
        <CursorPos X="9" Y="76"/>
        <UsageCount Value="6"/>
      </Unit6>
      <Unit7>
        <Filename Value="../../../../../packager/registration/registerfcl.pas"/>
        <UnitName Value="RegisterFCL"/>
        <WindowIndex Value="0"/>
        <TopLine Value="27"/>
        <CursorPos X="22" Y="45"/>
        <UsageCount Value="6"/>
      </Unit7>
      <Unit8>
        <Filename Value="../../src/spidev.pas"/>
        <UnitName Value="spidev"/>
        <EditorIndex Value="2"/>
        <WindowIndex Value="0"/>
        <TopLine Value="205"/>
        <CursorPos X="21" Y="223"/>
        <UsageCount Value="32"/>
        <Loaded Value="True"/>
      </Unit8>
      <Unit9>
        <Filename Value="../../src/fpadc.pas"/>
        <UnitName Value="fpadc"/>
        <EditorIndex Value="3"/>
        <WindowIndex Value="0"/>
        <TopLine Value="40"/>
        <CursorPos X="35" Y="59"/>
        <UsageCount Value="32"/>
        <Loaded Value="True"/>
      </Unit9>
      <Unit10>
        <Filename Value="../../src/fpspilib.pas"/>
        <UnitName Value="fpspilib"/>
        <EditorIndex Value="4"/>
        <WindowIndex Value="0"/>
        <TopLine Value="89"/>
        <CursorPos X="12" Y="107"/>
        <UsageCount Value="32"/>
        <Loaded Value="True"/>
      </Unit10>
      <Unit11>
        <Filename Value="../../src/flqueue.pas"/>
        <UnitName Value="flqueue"/>
        <WindowIndex Value="0"/>
        <TopLine Value="139"/>
        <CursorPos X="5" Y="157"/>
        <UsageCount Value="6"/>
      </Unit11>
      <Unit12>
        <Filename Value="../../../../../../FPC/2.7.1/source/rtl/inc/systemh.inc"/>
        <WindowIndex Value="0"/>
        <TopLine Value="1317"/>
        <CursorPos X="3" Y="1335"/>
        <UsageCount Value="10"/>
      </Unit12>
    </Units>
    <JumpHistory Count="29" HistoryIndex="28">
      <Position1>
        <Filename Value="../../src/mcp23017.pas"/>
        <Caret Line="8" Column="43" TopLine="1"/>
      </Position1>
      <Position2>
        <Filename Value="project1.lpr"/>
        <Caret Line="56" Column="21" TopLine="44"/>
      </Position2>
      <Position3>
        <Filename Value="../../src/mcp23017.pas"/>
        <Caret Line="255" Column="16" TopLine="240"/>
      </Position3>
      <Position4>
        <Filename Value="project1.lpr"/>
        <Caret Line="59" Column="35" TopLine="35"/>
      </Position4>
      <Position5>
        <Filename Value="../../src/gpioexp.pas"/>
        <Caret Line="494" Column="3" TopLine="488"/>
      </Position5>
      <Position6>
        <Filename Value="project1.lpr"/>
        <Caret Line="56" Column="21" TopLine="40"/>
      </Position6>
      <Position7>
        <Filename Value="../../src/fpgpio.pas"/>
        <Caret Line="132" Column="14" TopLine="115"/>
      </Position7>
      <Position8>
        <Filename Value="../../src/mcp23017.pas"/>
        <Caret Line="342" Column="32" TopLine="323"/>
      </Position8>
      <Position9>
        <Filename Value="../../src/mcp23017.pas"/>
        <Caret Line="1" Column="1" TopLine="1"/>
      </Position9>
      <Position10>
        <Filename Value="../../src/mcp23017.pas"/>
        <Caret Line="5" Column="15" TopLine="1"/>
      </Position10>
      <Position11>
        <Filename Value="../../src/mcp23017.pas"/>
        <Caret Line="442" Column="57" TopLine="413"/>
      </Position11>
      <Position12>
        <Filename Value="project1.lpr"/>
        <Caret Line="80" Column="82" TopLine="45"/>
      </Position12>
      <Position13>
        <Filename Value="project1.lpr"/>
        <Caret Line="62" Column="34" TopLine="51"/>
      </Position13>
      <Position14>
        <Filename Value="../../src/gpioexp.pas"/>
        <Caret Line="494" Column="3" TopLine="488"/>
      </Position14>
      <Position15>
        <Filename Value="../../src/gpioexp.pas"/>
        <Caret Line="511" Column="3" TopLine="488"/>
      </Position15>
      <Position16>
        <Filename Value="project1.lpr"/>
        <Caret Line="81" Column="31" TopLine="51"/>
      </Position16>
      <Position17>
        <Filename Value="project1.lpr"/>
        <Caret Line="59" Column="28" TopLine="51"/>
      </Position17>
      <Position18>
        <Filename Value="../../src/gpioexp.pas"/>
        <Caret Line="93" Column="17" TopLine="75"/>
      </Position18>
      <Position19>
        <Filename Value="../../src/gpioexp.pas"/>
        <Caret Line="511" Column="3" TopLine="488"/>
      </Position19>
      <Position20>
        <Filename Value="../../src/fpgpio.pas"/>
        <Caret Line="249" Column="3" TopLine="245"/>
      </Position20>
      <Position21>
        <Filename Value="../../src/fpgpio.pas"/>
        <Caret Line="131" Column="20" TopLine="114"/>
      </Position21>
      <Position22>
        <Filename Value="project1.lpr"/>
        <Caret Line="60" Column="35" TopLine="51"/>
      </Position22>
      <Position23>
        <Filename Value="../../src/gpioexp.pas"/>
        <Caret Line="494" Column="29" TopLine="482"/>
      </Position23>
      <Position24>
        <Filename Value="project1.lpr"/>
        <Caret Line="60" Column="35" TopLine="51"/>
      </Position24>
      <Position25>
        <Filename Value="../../src/gpioexp.pas"/>
        <Caret Line="494" Column="3" TopLine="488"/>
      </Position25>
      <Position26>
        <Filename Value="../../src/gpioexp.pas"/>
        <Caret Line="511" Column="3" TopLine="488"/>
      </Position26>
      <Position27>
        <Filename Value="project1.lpr"/>
        <Caret Line="60" Column="35" TopLine="51"/>
      </Position27>
      <Position28>
        <Filename Value="project1.lpr"/>
        <Caret Line="64" Column="29" TopLine="45"/>
      </Position28>
      <Position29>
        <Filename Value="../../src/fpgpio.pas"/>
        <Caret Line="101" Column="14" TopLine="83"/>
      </Position29>
    </JumpHistory>
  </ProjectOptions>
  <CompilerOptions>
    <Version Value="11"/>
    <Target>
      <Filename Value="project1"/>
    </Target>
    <SearchPaths>
      <IncludeFiles Value="$(ProjOutDir)"/>
      <UnitOutputDirectory Value="lib/$(TargetCPU)-$(TargetOS)"/>
    </SearchPaths>
    <Parsing>
      <SyntaxOptions>
        <IncludeAssertionCode Value="True"/>
      </SyntaxOptions>
    </Parsing>
    <CodeGeneration>
      <TargetCPU Value="arm"/>
      <TargetOS Value="linux"/>
    </CodeGeneration>
    <Linking>
      <Debugging>
        <UseHeaptrc Value="True"/>
      </Debugging>
    </Linking>
    <Other>
      <CompilerPath Value="$(CompPath)"/>
      <ExecuteAfter>
        <Command Value="&quot;C:/Program Files (x86)/PuTTY/pscp.exe&quot; $(TargetFile) pi@raspberrypi:/tmp/project1"/>
      </ExecuteAfter>
    </Other>
  </CompilerOptions>
  <Debugging>
    <Exceptions Count="3">
      <Item1>
        <Name Value="EAbort"/>
      </Item1>
      <Item2>
        <Name Value="ECodetoolError"/>
      </Item2>
      <Item3>
        <Name Value="EFOpenError"/>
      </Item3>
    </Exceptions>
  </Debugging>
  <EditorMacros Count="0"/>
</CONFIG>
